// !$*UTF8*$!
{
	archiveVersion = 1;
	classes = {
	};
	objectVersion = 46;
	objects = {

/* Begin PBXBuildFile section */
		D27E5A3F1DC5D4330006482A /* AppDelegate.swift in Sources */ = {isa = PBXBuildFile; fileRef = D27E5A3E1DC5D4330006482A /* AppDelegate.swift */; };
		D27E5A411DC5D4330006482A /* ViewController.swift in Sources */ = {isa = PBXBuildFile; fileRef = D27E5A401DC5D4330006482A /* ViewController.swift */; };
		D27E5A441DC5D4340006482A /* Main.storyboard in Resources */ = {isa = PBXBuildFile; fileRef = D27E5A421DC5D4340006482A /* Main.storyboard */; };
		D27E5A461DC5D4340006482A /* Assets.xcassets in Resources */ = {isa = PBXBuildFile; fileRef = D27E5A451DC5D4340006482A /* Assets.xcassets */; };
		D27E5A491DC5D4340006482A /* LaunchScreen.storyboard in Resources */ = {isa = PBXBuildFile; fileRef = D27E5A471DC5D4340006482A /* LaunchScreen.storyboard */; };
/* End PBXBuildFile section */

/* Begin PBXFileReference section */
		D27E5A3B1DC5D4330006482A /* moveApp.app */ = {isa = PBXFileReference; explicitFileType = wrapper.application; includeInIndex = 0; path = moveApp.app; sourceTree = BUILT_PRODUCTS_DIR; };
		D27E5A3E1DC5D4330006482A /* AppDelegate.swift */ = {isa = PBXFileReference; lastKnownFileType = sourcecode.swift; path = AppDelegate.swift; sourceTree = "<group>"; };
		D27E5A401DC5D4330006482A /* ViewController.swift */ = {isa = PBXFileReference; lastKnownFileType = sourcecode.swift; path = ViewController.swift; sourceTree = "<group>"; };
		D27E5A431DC5D4340006482A /* Base */ = {isa = PBXFileReference; lastKnownFileType = file.storyboard; name = Base; path = Base.lproj/Main.storyboard; sourceTree = "<group>"; };
		D27E5A451DC5D4340006482A /* Assets.xcassets */ = {isa = PBXFileReference; lastKnownFileType = folder.assetcatalog; path = Assets.xcassets; sourceTree = "<group>"; };
		D27E5A481DC5D4340006482A /* Base */ = {isa = PBXFileReference; lastKnownFileType = file.storyboard; name = Base; path = Base.lproj/LaunchScreen.storyboard; sourceTree = "<group>"; };
		D27E5A4A1DC5D4340006482A /* Info.plist */ = {isa = PBXFileReference; lastKnownFileType = text.plist.xml; path = Info.plist; sourceTree = "<group>"; };
/* End PBXFileReference section */

/* Begin PBXFrameworksBuildPhase section */
		D27E5A381DC5D4320006482A /* Frameworks */ = {
			isa = PBXFrameworksBuildPhase;
			buildActionMask = 2147483647;
			files = (
			);
			runOnlyForDeploymentPostprocessing = 0;
		};
/* End PBXFrameworksBuildPhase section */

/* Begin PBXGroup section */
		D27E5A321DC5D4320006482A = {
			isa = PBXGroup;
			children = (
				D27E5A3D1DC5D4330006482A /* moveApp */,
				D27E5A3C1DC5D4330006482A /* Products */,
			);
			sourceTree = "<group>";
		};
		D27E5A3C1DC5D4330006482A /* Products */ = {
			isa = PBXGroup;
			children = (
				D27E5A3B1DC5D4330006482A /* moveApp.app */,
			);
			name = Products;
			sourceTree = "<group>";
		};
		D27E5A3D1DC5D4330006482A /* moveApp */ = {
			isa = PBXGroup;
			children = (
				D27E5A3E1DC5D4330006482A /* AppDelegate.swift */,
				D27E5A401DC5D4330006482A /* ViewController.swift */,
				D27E5A421DC5D4340006482A /* Main.storyboard */,
				D27E5A451DC5D4340006482A /* Assets.xcassets */,
				D27E5A471DC5D4340006482A /* LaunchScreen.storyboard */,
				D27E5A4A1DC5D4340006482A /* Info.plist */,
			);
			path = moveApp;
			sourceTree = "<group>";
		};
/* End PBXGroup section */

/* Begin PBXNativeTarget section */
		D27E5A3A1DC5D4320006482A /* moveApp */ = {
			isa = PBXNativeTarget;
			buildConfigurationList = D27E5A4D1DC5D4340006482A /* Build configuration list for PBXNativeTarget "moveApp" */;
			buildPhases = (
				D27E5A371DC5D4320006482A /* Sources */,
				D27E5A381DC5D4320006482A /* Frameworks */,
				D27E5A391DC5D4320006482A /* Resources */,
			);
			buildRules = (
			);
			dependencies = (
			);
			name = moveApp;
			productName = moveApp;
			productReference = D27E5A3B1DC5D4330006482A /* moveApp.app */;
			productType = "com.apple.product-type.application";
		};
/* End PBXNativeTarget section */

/* Begin PBXProject section */
		D27E5A331DC5D4320006482A /* Project object */ = {
			isa = PBXProject;
			attributes = {
				LastSwiftUpdateCheck = 0810;
				LastUpgradeCheck = 0810;
				ORGANIZATIONNAME = "高橋知憲";
				TargetAttributes = {
					D27E5A3A1DC5D4320006482A = {
						CreatedOnToolsVersion = 8.1;
						ProvisioningStyle = Automatic;
					};
				};
			};
			buildConfigurationList = D27E5A361DC5D4320006482A /* Build configuration list for PBXProject "moveApp" */;
			compatibilityVersion = "Xcode 3.2";
			developmentRegion = English;
			hasScannedForEncodings = 0;
			knownRegions = (
				en,
				Base,
			);
			mainGroup = D27E5A321DC5D4320006482A;
			productRefGroup = D27E5A3C1DC5D4330006482A /* Products */;
			projectDirPath = "";
			projectRoot = "";
			targets = (
				D27E5A3A1DC5D4320006482A /* moveApp */,
			);
		};
/* End PBXProject section */

/* Begin PBXResourcesBuildPhase section */
		D27E5A391DC5D4320006482A /* Resources */ = {
			isa = PBXResourcesBuildPhase;
			buildActionMask = 2147483647;
			files = (
				D27E5A491DC5D4340006482A /* LaunchScreen.storyboard in Resources */,
				D27E5A461DC5D4340006482A /* Assets.xcassets in Resources */,
				D27E5A441DC5D4340006482A /* Main.storyboard in Resources */,
			);
			runOnlyForDeploymentPostprocessing = 0;
		};
/* End PBXResourcesBuildPhase section */

/* Begin PBXSourcesBuildPhase section */
		D27E5A371DC5D4320006482A /* Sources */ = {
			isa = PBXSourcesBuildPhase;
			buildActionMask = 2147483647;
			files = (
				D27E5A411DC5D4330006482A /* ViewController.swift in Sources */,
				D27E5A3F1DC5D4330006482A /* AppDelegate.swift in Sources */,
			);
			runOnlyForDeploymentPostprocessing = 0;
		};
/* End PBXSourcesBuildPhase section */

/* Begin PBXVariantGroup section */
		D27E5A421DC5D4340006482A /* Main.storyboard */ = {
			isa = PBXVariantGroup;
			children = (
				D27E5A431DC5D4340006482A /* Base */,
			);
			name = Main.storyboard;
			sourceTree = "<group>";
		};
		D27E5A471DC5D4340006482A /* LaunchScreen.storyboard */ = {
			isa = PBXVariantGroup;
			children = (
				D27E5A481DC5D4340006482A /* Base */,
			);
			name = LaunchScreen.storyboard;
			sourceTree = "<group>";
		};
/* End PBXVariantGroup section */

/* Begin XCBuildConfiguration section */
		D27E5A4B1DC5D4340006482A /* Debug */ = {
			isa = XCBuildConfiguration;
			buildSettings = {
				ALWAYS_SEARCH_USER_PATHS = NO;
				CLANG_ANALYZER_NONNULL = YES;
				CLANG_CXX_LANGUAGE_STANDARD = "gnu++0x";
				CLANG_CXX_LIBRARY = "libc++";
				CLANG_ENABLE_MODULES = YES;
				CLANG_ENABLE_OBJC_ARC = YES;
				CLANG_WARN_BOOL_CONVERSION = YES;
				CLANG_WARN_CONSTANT_CONVERSION = YES;
				CLANG_WARN_DIRECT_OBJC_ISA_USAGE = YES_ERROR;
				CLANG_WARN_DOCUMENTATION_COMMENTS = YES;
				CLANG_WARN_EMPTY_BODY = YES;
				CLANG_WARN_ENUM_CONVERSION = YES;
				CLANG_WARN_INFINITE_RECURSION = YES;
				CLANG_WARN_INT_CONVERSION = YES;
				CLANG_WARN_OBJC_ROOT_CLASS = YES_ERROR;
				CLANG_WARN_SUSPICIOUS_MOVES = YES;
				CLANG_WARN_UNREACHABLE_CODE = YES;
				CLANG_WARN__DUPLICATE_METHOD_MATCH = YES;
				"CODE_SIGN_IDENTITY[sdk=iphoneos*]" = "iPhone Developer";
				COPY_PHASE_STRIP = NO;
				DEBUG_INFORMATION_FORMAT = dwarf;
				ENABLE_STRICT_OBJC_MSGSEND = YES;
				ENABLE_TESTABILITY = YES;
				GCC_C_LANGUAGE_STANDARD = gnu99;
				GCC_DYNAMIC_NO_PIC = NO;
				GCC_NO_COMMON_BLOCKS = YES;
				GCC_OPTIMIZATION_LEVEL = 0;
				GCC_PREPROCESSOR_DEFINITIONS = (
					"DEBUG=1",
					"$(inherited)",
				);
				GCC_WARN_64_TO_32_BIT_CONVERSION = YES;
				GCC_WARN_ABOUT_RETURN_TYPE = YES_ERROR;
				GCC_WARN_UNDECLARED_SELECTOR = YES;
				GCC_WARN_UNINITIALIZED_AUTOS = YES_AGGRESSIVE;
				GCC_WARN_UNUSED_FUNCTION = YES;
				GCC_WARN_UNUSED_VARIABLE = YES;
				IPHONEOS_DEPLOYMENT_TARGET = 10.1;
				MTL_ENABLE_DEBUG_INFO = YES;
				ONLY_ACTIVE_ARCH = YES;
				SDKROOT = iphoneos;
				SWIFT_ACTIVE_COMPILATION_CONDITIONS = DEBUG;
				SWIFT_OPTIMIZATION_LEVEL = "-Onone";
			};
			name = Debug;
		};
		D27E5A4C1DC5D4340006482A /* Release */ = {
			isa = XCBuildConfiguration;
			buildSettings = {
				ALWAYS_SEARCH_USER_PATHS = NO;
				CLANG_ANALYZER_NONNULL = YES;
				CLANG_CXX_LANGUAGE_STANDARD = "gnu++0x";
				CLANG_CXX_LIBRARY = "libc++";
				CLANG_ENABLE_MODULES = YES;
				CLANG_ENABLE_OBJC_ARC = YES;
				CLANG_WARN_BOOL_CONVERSION = YES;
				CLANG_WARN_CONSTANT_CONVERSION = YES;
				CLANG_WARN_DIRECT_OBJC_ISA_USAGE = YES_ERROR;
				CLANG_WARN_DOCUMENTATION_COMMENTS = YES;
				CLANG_WARN_EMPTY_BODY = YES;
				CLANG_WARN_ENUM_CONVERSION = YES;
				CLANG_WARN_INFINITE_RECURSION = YES;
				CLANG_WARN_INT_CONVERSION = YES;
				CLANG_WARN_OBJC_ROOT_CLASS = YES_ERROR;
				CLANG_WARN_SUSPICIOUS_MOVES = YES;
				CLANG_WARN_UNREACHABLE_CODE = YES;
				CLANG_WARN__DUPLICATE_METHOD_MATCH = YES;
				"CODE_SIGN_IDENTITY[sdk=iphoneos*]" = "iPhone Developer";
				COPY_PHASE_STRIP = NO;
				DEBUG_INFORMATION_FORMAT = "dwarf-with-dsym";
				ENABLE_NS_ASSERTIONS = NO;
				ENABLE_STRICT_OBJC_MSGSEND = YES;
				GCC_C_LANGUAGE_STANDARD = gnu99;
				GCC_NO_COMMON_BLOCKS = YES;
				GCC_WARN_64_TO_32_BIT_CONVERSION = YES;
				GCC_WARN_ABOUT_RETURN_TYPE = YES_ERROR;
				GCC_WARN_UNDECLARED_SELECTOR = YES;
				GCC_WARN_UNINITIALIZED_AUTOS = YES_AGGRESSIVE;
				GCC_WARN_UNUSED_FUNCTION = YES;
				GCC_WARN_UNUSED_VARIABLE = YES;
				IPHONEOS_DEPLOYMENT_TARGET = 10.1;
				MTL_ENABLE_DEBUG_INFO = NO;
				SDKROOT = iphoneos;
				SWIFT_OPTIMIZATION_LEVEL = "-Owholemodule";
				VALIDATE_PRODUCT = YES;
			};
			name = Release;
		};
		D27E5A4E1DC5D4340006482A /* Debug */ = {
			isa = XCBuildConfiguration;
			buildSettings = {
				ASSETCATALOG_COMPILER_APPICON_NAME = AppIcon;
				INFOPLIST_FILE = moveApp/Info.plist;
				LD_RUNPATH_SEARCH_PATHS = "$(inherited) @executable_path/Frameworks";
				PRODUCT_BUNDLE_IDENTIFIER = com.takahashi.moveApp;
				PRODUCT_NAME = "$(TARGET_NAME)";
				SWIFT_VERSION = 3.0;
			};
			name = Debug;
		};
		D27E5A4F1DC5D4340006482A /* Release */ = {
			isa = XCBuildConfiguration;
			buildSettings = {
				ASSETCATALOG_COMPILER_APPICON_NAME = AppIcon;
				INFOPLIST_FILE = moveApp/Info.plist;
				LD_RUNPATH_SEARCH_PATHS = "$(inherited) @executable_path/Frameworks";
				PRODUCT_BUNDLE_IDENTIFIER = com.takahashi.moveApp;
				PRODUCT_NAME = "$(TARGET_NAME)";
				SWIFT_VERSION = 3.0;
			};
			name = Release;
		};
/* End XCBuildConfiguration section */

/* Begin XCConfigurationList section */
		D27E5A361DC5D4320006482A /* Build configuration list for PBXProject "moveApp" */ = {
			isa = XCConfigurationList;
			buildConfigurations = (
				D27E5A4B1DC5D4340006482A /* Debug */,
				D27E5A4C1DC5D4340006482A /* Release */,
			);
			defaultConfigurationIsVisible = 0;
			defaultConfigurationName = Release;
		};
		D27E5A4D1DC5D4340006482A /* Build configuration list for PBXNativeTarget "moveApp" */ = {
			isa = XCConfigurationList;
			buildConfigurations = (
				D27E5A4E1DC5D4340006482A /* Debug */,
				D27E5A4F1DC5D4340006482A /* Release */,
			);
			defaultConfigurationIsVisible = 0;
		};
/* End XCConfigurationList section */
	};
	rootObject = D27E5A331DC5D4320006482A /* Project object */;
}
